
Microsoft Visual Studio Solution File, Format Version 11.00
# Visual Studio 2010
Project("{F184B08F-C81C-45F6-A57F-5ABD9991F28F}") = "Garments_update", "Garments_update\Garments_update.vbproj", "{445FF2A1-CCC0-49F7-8D94-7F13582520ED}"
EndProject
Global
	GlobalSection(SolutionConfigurationPlatforms) = preSolution
		Debug|x86 = Debug|x86
		Release|x86 = Release|x86
	EndGlobalSection
	GlobalSection(ProjectConfigurationPlatforms) = postSolution
		{445FF2A1-CCC0-49F7-8D94-7F13582520ED}.Debug|x86.ActiveCfg = Debug|x86
		{445FF2A1-CCC0-49F7-8D94-7F13582520ED}.Debug|x86.Build.0 = Debug|x86
		{445FF2A1-CCC0-49F7-8D94-7F13582520ED}.Release|x86.ActiveCfg = Release|x86
		{445FF2A1-CCC0-49F7-8D94-7F13582520ED}.Release|x86.Build.0 = Release|x86
	EndGlobalSection
	GlobalSection(SolutionProperties) = preSolution
		HideSolutionNode = FALSE
	EndGlobalSection
EndGlobal
